
Microsoft Visual Studio Solution File, Format Version 12.00
# Visual Studio Version 17
VisualStudioVersion = 17.11.35327.3
MinimumVisualStudioVersion = 10.0.40219.1
Project("{FAE04EC0-301F-11D3-BF4B-00C04F79EFBC}") = "Assignment_1_2", "Assignment_1_2.csproj", "{560E7B26-4BE4-42F4-814F-8EE5F2A986E1}"
EndProject
Global
	GlobalSection(SolutionConfigurationPlatforms) = preSolution
		Debug|Any CPU = Debug|Any CPU
		Release|Any CPU = Release|Any CPU
	EndGlobalSection
	GlobalSection(ProjectConfigurationPlatforms) = postSolution
		{560E7B26-4BE4-42F4-814F-8EE5F2A986E1}.Debug|Any CPU.ActiveCfg = Debug|Any CPU
		{560E7B26-4BE4-42F4-814F-8EE5F2A986E1}.Debug|Any CPU.Build.0 = Debug|Any CPU
		{560E7B26-4BE4-42F4-814F-8EE5F2A986E1}.Release|Any CPU.ActiveCfg = Release|Any CPU
		{560E7B26-4BE4-42F4-814F-8EE5F2A986E1}.Release|Any CPU.Build.0 = Release|Any CPU
	EndGlobalSection
	GlobalSection(SolutionProperties) = preSolution
		HideSolutionNode = FALSE
	EndGlobalSection
	GlobalSection(ExtensibilityGlobals) = postSolution
		SolutionGuid = {ADDCF4FE-84A5-4AE0-8519-8759D1A7E3BC}
	EndGlobalSection
EndGlobal
